
Microsoft Visual Studio Solution File, Format Version 12.00
# Visual Studio Version 16
VisualStudioVersion = 16.0.31424.327
MinimumVisualStudioVersion = 10.0.40219.1
Project("{FAE04EC0-301F-11D3-BF4B-00C04F79EFBC}") = "CodingAssessment.Models", "CodingAssessment.Models\CodingAssessment.Models.csproj", "{F2BE9FFE-075A-4ACF-AA4A-0D0E5871FA8D}"
EndProject
Project("{FAE04EC0-301F-11D3-BF4B-00C04F79EFBC}") = "SenderApp", "SenderApp\SenderApp.csproj", "{E38CE74C-2958-42ED-903B-8F29654AE595}"
EndProject
Project("{FAE04EC0-301F-11D3-BF4B-00C04F79EFBC}") = "RecieverApp", "RecieverApp\RecieverApp.csproj", "{C40DB19E-A4D3-4B9D-ADCB-4D55C56A4487}"
EndProject
Global
	GlobalSection(SolutionConfigurationPlatforms) = preSolution
		Debug|Any CPU = Debug|Any CPU
		Release|Any CPU = Release|Any CPU
	EndGlobalSection
	GlobalSection(ProjectConfigurationPlatforms) = postSolution
		{F2BE9FFE-075A-4ACF-AA4A-0D0E5871FA8D}.Debug|Any CPU.ActiveCfg = Debug|Any CPU
		{F2BE9FFE-075A-4ACF-AA4A-0D0E5871FA8D}.Debug|Any CPU.Build.0 = Debug|Any CPU
		{F2BE9FFE-075A-4ACF-AA4A-0D0E5871FA8D}.Release|Any CPU.ActiveCfg = Release|Any CPU
		{F2BE9FFE-075A-4ACF-AA4A-0D0E5871FA8D}.Release|Any CPU.Build.0 = Release|Any CPU
		{E38CE74C-2958-42ED-903B-8F29654AE595}.Debug|Any CPU.ActiveCfg = Debug|Any CPU
		{E38CE74C-2958-42ED-903B-8F29654AE595}.Debug|Any CPU.Build.0 = Debug|Any CPU
		{E38CE74C-2958-42ED-903B-8F29654AE595}.Release|Any CPU.ActiveCfg = Release|Any CPU
		{E38CE74C-2958-42ED-903B-8F29654AE595}.Release|Any CPU.Build.0 = Release|Any CPU
		{C40DB19E-A4D3-4B9D-ADCB-4D55C56A4487}.Debug|Any CPU.ActiveCfg = Debug|Any CPU
		{C40DB19E-A4D3-4B9D-ADCB-4D55C56A4487}.Debug|Any CPU.Build.0 = Debug|Any CPU
		{C40DB19E-A4D3-4B9D-ADCB-4D55C56A4487}.Release|Any CPU.ActiveCfg = Release|Any CPU
		{C40DB19E-A4D3-4B9D-ADCB-4D55C56A4487}.Release|Any CPU.Build.0 = Release|Any CPU
	EndGlobalSection
	GlobalSection(SolutionProperties) = preSolution
		HideSolutionNode = FALSE
	EndGlobalSection
	GlobalSection(ExtensibilityGlobals) = postSolution
		SolutionGuid = {DFD74690-7EAB-47A3-9A52-00EC54E6AB98}
	EndGlobalSection
EndGlobal
